
Microsoft Visual Studio Solution File, Format Version 12.00
# Visual Studio Version 16
VisualStudioVersion = 16.0.29709.97
MinimumVisualStudioVersion = 10.0.40219.1
Project("{FAE04EC0-301F-11D3-BF4B-00C04F79EFBC}") = "UserInputNahishaNobregas", "UserInputNahishaNobregas.csproj", "{F9C42727-CA7C-4269-8869-DA930A6FEF2D}"
EndProject
Global
	GlobalSection(SolutionConfigurationPlatforms) = preSolution
		Debug|Any CPU = Debug|Any CPU
		Release|Any CPU = Release|Any CPU
	EndGlobalSection
	GlobalSection(ProjectConfigurationPlatforms) = postSolution
		{F9C42727-CA7C-4269-8869-DA930A6FEF2D}.Debug|Any CPU.ActiveCfg = Debug|Any CPU
		{F9C42727-CA7C-4269-8869-DA930A6FEF2D}.Debug|Any CPU.Build.0 = Debug|Any CPU
		{F9C42727-CA7C-4269-8869-DA930A6FEF2D}.Release|Any CPU.ActiveCfg = Release|Any CPU
		{F9C42727-CA7C-4269-8869-DA930A6FEF2D}.Release|Any CPU.Build.0 = Release|Any CPU
	EndGlobalSection
	GlobalSection(SolutionProperties) = preSolution
		HideSolutionNode = FALSE
	EndGlobalSection
	GlobalSection(ExtensibilityGlobals) = postSolution
		SolutionGuid = {1CA3B5E4-BB7E-4545-B666-EA19A64C80E5}
	EndGlobalSection
EndGlobal
